// !$*UTF8*$!
{
	archiveVersion = 1;
	classes = {
	};
	objectVersion = 56;
	objects = {

/* Begin PBXBuildFile section */
		23351EACA5EC316A6F3BD7FA /* Pods_Game_CatTests.framework in Frameworks */ = {isa = PBXBuildFile; fileRef = 6FE938205AC08F65681F1F06 /* Pods_Game_CatTests.framework */; };
		7E84F312A164D324F8B331FC /* Pods_Game_Cat.framework in Frameworks */ = {isa = PBXBuildFile; fileRef = 088B834FDEB89EF98130E679 /* Pods_Game_Cat.framework */; };
		D72F090428DADB2A001BC174 /* Service.swift in Sources */ = {isa = PBXBuildFile; fileRef = D72F090328DADB2A001BC174 /* Service.swift */; };
		D7471F6A28DADC55007A6460 /* ServiceErrorStatus.swift in Sources */ = {isa = PBXBuildFile; fileRef = D7471F6928DADC55007A6460 /* ServiceErrorStatus.swift */; };
		D7471F6C28DADCAA007A6460 /* Game.swift in Sources */ = {isa = PBXBuildFile; fileRef = D7471F6B28DADCAA007A6460 /* Game.swift */; };
		D7471F7128DAE5AF007A6460 /* ServicePayload.swift in Sources */ = {isa = PBXBuildFile; fileRef = D7471F7028DAE5AF007A6460 /* ServicePayload.swift */; };
		D76BE3B228DC57D400F44C3D /* GameDetailViewController.swift in Sources */ = {isa = PBXBuildFile; fileRef = D76BE3B128DC57D400F44C3D /* GameDetailViewController.swift */; };
		D76D8F8828DB421500A0E98D /* Cache.swift in Sources */ = {isa = PBXBuildFile; fileRef = D76D8F8728DB421500A0E98D /* Cache.swift */; };
		D76D8F9028DB581700A0E98D /* Game_CatTests.swift in Sources */ = {isa = PBXBuildFile; fileRef = D76D8F8F28DB581700A0E98D /* Game_CatTests.swift */; };
		D7B41AC129012C520074FE3F /* GameDetailTagView.swift in Sources */ = {isa = PBXBuildFile; fileRef = D7B41AC029012C520074FE3F /* GameDetailTagView.swift */; };
		D7B41AC329012C5D0074FE3F /* GameDetailStoreView.swift in Sources */ = {isa = PBXBuildFile; fileRef = D7B41AC229012C5D0074FE3F /* GameDetailStoreView.swift */; };
		D7B41AC529013E210074FE3F /* GameDetailDescriptionView.swift in Sources */ = {isa = PBXBuildFile; fileRef = D7B41AC429013E210074FE3F /* GameDetailDescriptionView.swift */; };
		D7BBEB0628F2AA8C0018108A /* GameDetailInformationView.swift in Sources */ = {isa = PBXBuildFile; fileRef = D7BBEB0528F2AA8C0018108A /* GameDetailInformationView.swift */; };
		D7BBEB0828F2B3010018108A /* GameDetailHeaderView.swift in Sources */ = {isa = PBXBuildFile; fileRef = D7BBEB0728F2B3010018108A /* GameDetailHeaderView.swift */; };
		D7DCEB7929040C84002A4302 /* UIStackView.swift in Sources */ = {isa = PBXBuildFile; fileRef = D7DCEB7829040C84002A4302 /* UIStackView.swift */; };
		D7E03E6428D9D4DF0072C7EA /* UIColor.swift in Sources */ = {isa = PBXBuildFile; fileRef = D7E03E6328D9D4DF0072C7EA /* UIColor.swift */; };
		D7E7620F28DD45A5009217DC /* GameDetail.swift in Sources */ = {isa = PBXBuildFile; fileRef = D7E7620E28DD45A5009217DC /* GameDetail.swift */; };
		D7E7621328DD9694009217DC /* GameDetailRatingView.swift in Sources */ = {isa = PBXBuildFile; fileRef = D7E7621228DD9694009217DC /* GameDetailRatingView.swift */; };
		D7E7621528DD96F6009217DC /* UILabel.swift in Sources */ = {isa = PBXBuildFile; fileRef = D7E7621428DD96F6009217DC /* UILabel.swift */; };
		D7E7621728DD97C4009217DC /* UIProgressView.swift in Sources */ = {isa = PBXBuildFile; fileRef = D7E7621628DD97C4009217DC /* UIProgressView.swift */; };
		D7FBFB4828D72F0800DEDF11 /* AppDelegate.swift in Sources */ = {isa = PBXBuildFile; fileRef = D7FBFB4728D72F0800DEDF11 /* AppDelegate.swift */; };
		D7FBFB4A28D72F0800DEDF11 /* SceneDelegate.swift in Sources */ = {isa = PBXBuildFile; fileRef = D7FBFB4928D72F0800DEDF11 /* SceneDelegate.swift */; };
		D7FBFB5128D72F0900DEDF11 /* Assets.xcassets in Resources */ = {isa = PBXBuildFile; fileRef = D7FBFB5028D72F0900DEDF11 /* Assets.xcassets */; };
		D7FBFB5428D72F0900DEDF11 /* LaunchScreen.storyboard in Resources */ = {isa = PBXBuildFile; fileRef = D7FBFB5228D72F0900DEDF11 /* LaunchScreen.storyboard */; };
		D7FBFB6228D74E6000DEDF11 /* HomeViewController.swift in Sources */ = {isa = PBXBuildFile; fileRef = D7FBFB6128D74E6000DEDF11 /* HomeViewController.swift */; };
		D7FBFB6528D77C6C00DEDF11 /* GameTableViewCell.swift in Sources */ = {isa = PBXBuildFile; fileRef = D7FBFB6428D77C6C00DEDF11 /* GameTableViewCell.swift */; };
/* End PBXBuildFile section */

/* Begin PBXContainerItemProxy section */
		D76D8F9128DB581700A0E98D /* PBXContainerItemProxy */ = {
			isa = PBXContainerItemProxy;
			containerPortal = D7FBFB3C28D72F0800DEDF11 /* Project object */;
			proxyType = 1;
			remoteGlobalIDString = D7FBFB4328D72F0800DEDF11;
			remoteInfo = "Game Cat";
		};
/* End PBXContainerItemProxy section */

/* Begin PBXFileReference section */
		088B834FDEB89EF98130E679 /* Pods_Game_Cat.framework */ = {isa = PBXFileReference; explicitFileType = wrapper.framework; includeInIndex = 0; path = Pods_Game_Cat.framework; sourceTree = BUILT_PRODUCTS_DIR; };
		218B828EC36D1520F511AD41 /* Pods-Game CatTests.debug.xcconfig */ = {isa = PBXFileReference; includeInIndex = 1; lastKnownFileType = text.xcconfig; name = "Pods-Game CatTests.debug.xcconfig"; path = "Target Support Files/Pods-Game CatTests/Pods-Game CatTests.debug.xcconfig"; sourceTree = "<group>"; };
		285D4B0FD4CBC0831BA7EEB9 /* Pods-Game Cat.debug.xcconfig */ = {isa = PBXFileReference; includeInIndex = 1; lastKnownFileType = text.xcconfig; name = "Pods-Game Cat.debug.xcconfig"; path = "Target Support Files/Pods-Game Cat/Pods-Game Cat.debug.xcconfig"; sourceTree = "<group>"; };
		6FE938205AC08F65681F1F06 /* Pods_Game_CatTests.framework */ = {isa = PBXFileReference; explicitFileType = wrapper.framework; includeInIndex = 0; path = Pods_Game_CatTests.framework; sourceTree = BUILT_PRODUCTS_DIR; };
		B8439BBFC83D0843B15A0AD3 /* Pods-Game Cat.release.xcconfig */ = {isa = PBXFileReference; includeInIndex = 1; lastKnownFileType = text.xcconfig; name = "Pods-Game Cat.release.xcconfig"; path = "Target Support Files/Pods-Game Cat/Pods-Game Cat.release.xcconfig"; sourceTree = "<group>"; };
		D1E927BE26FAE2B33985A3E2 /* Pods-Game CatTests.release.xcconfig */ = {isa = PBXFileReference; includeInIndex = 1; lastKnownFileType = text.xcconfig; name = "Pods-Game CatTests.release.xcconfig"; path = "Target Support Files/Pods-Game CatTests/Pods-Game CatTests.release.xcconfig"; sourceTree = "<group>"; };
		D72F090328DADB2A001BC174 /* Service.swift */ = {isa = PBXFileReference; lastKnownFileType = sourcecode.swift; path = Service.swift; sourceTree = "<group>"; };
		D7471F6928DADC55007A6460 /* ServiceErrorStatus.swift */ = {isa = PBXFileReference; lastKnownFileType = sourcecode.swift; path = ServiceErrorStatus.swift; sourceTree = "<group>"; };
		D7471F6B28DADCAA007A6460 /* Game.swift */ = {isa = PBXFileReference; lastKnownFileType = sourcecode.swift; path = Game.swift; sourceTree = "<group>"; };
		D7471F7028DAE5AF007A6460 /* ServicePayload.swift */ = {isa = PBXFileReference; lastKnownFileType = sourcecode.swift; path = ServicePayload.swift; sourceTree = "<group>"; };
		D76BE3B128DC57D400F44C3D /* GameDetailViewController.swift */ = {isa = PBXFileReference; lastKnownFileType = sourcecode.swift; path = GameDetailViewController.swift; sourceTree = "<group>"; };
		D76D8F8728DB421500A0E98D /* Cache.swift */ = {isa = PBXFileReference; lastKnownFileType = sourcecode.swift; path = Cache.swift; sourceTree = "<group>"; };
		D76D8F8D28DB581700A0E98D /* Game CatTests.xctest */ = {isa = PBXFileReference; explicitFileType = wrapper.cfbundle; includeInIndex = 0; path = "Game CatTests.xctest"; sourceTree = BUILT_PRODUCTS_DIR; };
		D76D8F8F28DB581700A0E98D /* Game_CatTests.swift */ = {isa = PBXFileReference; lastKnownFileType = sourcecode.swift; path = Game_CatTests.swift; sourceTree = "<group>"; };
		D7B41AC029012C520074FE3F /* GameDetailTagView.swift */ = {isa = PBXFileReference; lastKnownFileType = sourcecode.swift; path = GameDetailTagView.swift; sourceTree = "<group>"; };
		D7B41AC229012C5D0074FE3F /* GameDetailStoreView.swift */ = {isa = PBXFileReference; lastKnownFileType = sourcecode.swift; path = GameDetailStoreView.swift; sourceTree = "<group>"; };
		D7B41AC429013E210074FE3F /* GameDetailDescriptionView.swift */ = {isa = PBXFileReference; lastKnownFileType = sourcecode.swift; path = GameDetailDescriptionView.swift; sourceTree = "<group>"; };
		D7BBEB0528F2AA8C0018108A /* GameDetailInformationView.swift */ = {isa = PBXFileReference; lastKnownFileType = sourcecode.swift; path = GameDetailInformationView.swift; sourceTree = "<group>"; };
		D7BBEB0728F2B3010018108A /* GameDetailHeaderView.swift */ = {isa = PBXFileReference; lastKnownFileType = sourcecode.swift; path = GameDetailHeaderView.swift; sourceTree = "<group>"; };
		D7DCEB7829040C84002A4302 /* UIStackView.swift */ = {isa = PBXFileReference; lastKnownFileType = sourcecode.swift; path = UIStackView.swift; sourceTree = "<group>"; };
		D7E03E6328D9D4DF0072C7EA /* UIColor.swift */ = {isa = PBXFileReference; lastKnownFileType = sourcecode.swift; path = UIColor.swift; sourceTree = "<group>"; };
		D7E7620E28DD45A5009217DC /* GameDetail.swift */ = {isa = PBXFileReference; lastKnownFileType = sourcecode.swift; path = GameDetail.swift; sourceTree = "<group>"; };
		D7E7621228DD9694009217DC /* GameDetailRatingView.swift */ = {isa = PBXFileReference; lastKnownFileType = sourcecode.swift; path = GameDetailRatingView.swift; sourceTree = "<group>"; };
		D7E7621428DD96F6009217DC /* UILabel.swift */ = {isa = PBXFileReference; lastKnownFileType = sourcecode.swift; path = UILabel.swift; sourceTree = "<group>"; };
		D7E7621628DD97C4009217DC /* UIProgressView.swift */ = {isa = PBXFileReference; lastKnownFileType = sourcecode.swift; path = UIProgressView.swift; sourceTree = "<group>"; };
		D7FBFB4428D72F0800DEDF11 /* Game Cat.app */ = {isa = PBXFileReference; explicitFileType = wrapper.application; includeInIndex = 0; path = "Game Cat.app"; sourceTree = BUILT_PRODUCTS_DIR; };
		D7FBFB4728D72F0800DEDF11 /* AppDelegate.swift */ = {isa = PBXFileReference; lastKnownFileType = sourcecode.swift; path = AppDelegate.swift; sourceTree = "<group>"; };
		D7FBFB4928D72F0800DEDF11 /* SceneDelegate.swift */ = {isa = PBXFileReference; lastKnownFileType = sourcecode.swift; path = SceneDelegate.swift; sourceTree = "<group>"; };
		D7FBFB5028D72F0900DEDF11 /* Assets.xcassets */ = {isa = PBXFileReference; lastKnownFileType = folder.assetcatalog; path = Assets.xcassets; sourceTree = "<group>"; };
		D7FBFB5328D72F0900DEDF11 /* Base */ = {isa = PBXFileReference; lastKnownFileType = file.storyboard; name = Base; path = Base.lproj/LaunchScreen.storyboard; sourceTree = "<group>"; };
		D7FBFB5528D72F0900DEDF11 /* Info.plist */ = {isa = PBXFileReference; lastKnownFileType = text.plist.xml; path = Info.plist; sourceTree = "<group>"; };
		D7FBFB6128D74E6000DEDF11 /* HomeViewController.swift */ = {isa = PBXFileReference; lastKnownFileType = sourcecode.swift; path = HomeViewController.swift; sourceTree = "<group>"; };
		D7FBFB6428D77C6C00DEDF11 /* GameTableViewCell.swift */ = {isa = PBXFileReference; lastKnownFileType = sourcecode.swift; path = GameTableViewCell.swift; sourceTree = "<group>"; };
/* End PBXFileReference section */

/* Begin PBXFrameworksBuildPhase section */
		D76D8F8A28DB581700A0E98D /* Frameworks */ = {
			isa = PBXFrameworksBuildPhase;
			buildActionMask = 2147483647;
			files = (
				23351EACA5EC316A6F3BD7FA /* Pods_Game_CatTests.framework in Frameworks */,
			);
			runOnlyForDeploymentPostprocessing = 0;
		};
		D7FBFB4128D72F0800DEDF11 /* Frameworks */ = {
			isa = PBXFrameworksBuildPhase;
			buildActionMask = 2147483647;
			files = (
				7E84F312A164D324F8B331FC /* Pods_Game_Cat.framework in Frameworks */,
			);
			runOnlyForDeploymentPostprocessing = 0;
		};
/* End PBXFrameworksBuildPhase section */

/* Begin PBXGroup section */
		1623CAA454B00D77E9027258 /* Frameworks */ = {
			isa = PBXGroup;
			children = (
				088B834FDEB89EF98130E679 /* Pods_Game_Cat.framework */,
				6FE938205AC08F65681F1F06 /* Pods_Game_CatTests.framework */,
			);
			name = Frameworks;
			sourceTree = "<group>";
		};
		D72F090228DADB0D001BC174 /* Service */ = {
			isa = PBXGroup;
			children = (
				D72F090328DADB2A001BC174 /* Service.swift */,
				D7471F6928DADC55007A6460 /* ServiceErrorStatus.swift */,
				D7471F7028DAE5AF007A6460 /* ServicePayload.swift */,
			);
			path = Service;
			sourceTree = "<group>";
		};
		D7471F6D28DADCB1007A6460 /* Model */ = {
			isa = PBXGroup;
			children = (
				D7471F6B28DADCAA007A6460 /* Game.swift */,
				D7E7620E28DD45A5009217DC /* GameDetail.swift */,
			);
			path = Model;
			sourceTree = "<group>";
		};
		D76D8F8628DB41FF00A0E98D /* Module */ = {
			isa = PBXGroup;
			children = (
				D76D8F8728DB421500A0E98D /* Cache.swift */,
			);
			path = Module;
			sourceTree = "<group>";
		};
		D76D8F8E28DB581700A0E98D /* Game CatTests */ = {
			isa = PBXGroup;
			children = (
				D76D8F8F28DB581700A0E98D /* Game_CatTests.swift */,
			);
			path = "Game CatTests";
			sourceTree = "<group>";
		};
		D7E03E6028D9D4650072C7EA /* Extension */ = {
			isa = PBXGroup;
			children = (
				D7E03E6328D9D4DF0072C7EA /* UIColor.swift */,
				D7E7621428DD96F6009217DC /* UILabel.swift */,
				D7E7621628DD97C4009217DC /* UIProgressView.swift */,
				D7DCEB7829040C84002A4302 /* UIStackView.swift */,
			);
			path = Extension;
			sourceTree = "<group>";
		};
		D7E03E6128D9D48C0072C7EA /* Main */ = {
			isa = PBXGroup;
			children = (
				D7FBFB4728D72F0800DEDF11 /* AppDelegate.swift */,
				D7FBFB4928D72F0800DEDF11 /* SceneDelegate.swift */,
			);
			path = Main;
			sourceTree = "<group>";
		};
		D7FBFB3B28D72F0800DEDF11 = {
			isa = PBXGroup;
			children = (
				D7FBFB4628D72F0800DEDF11 /* Game Cat */,
				D76D8F8E28DB581700A0E98D /* Game CatTests */,
				D7FBFB4528D72F0800DEDF11 /* Products */,
				F6564D209378DA39F16D7566 /* Pods */,
				1623CAA454B00D77E9027258 /* Frameworks */,
			);
			sourceTree = "<group>";
		};
		D7FBFB4528D72F0800DEDF11 /* Products */ = {
			isa = PBXGroup;
			children = (
				D7FBFB4428D72F0800DEDF11 /* Game Cat.app */,
				D76D8F8D28DB581700A0E98D /* Game CatTests.xctest */,
			);
			name = Products;
			sourceTree = "<group>";
		};
		D7FBFB4628D72F0800DEDF11 /* Game Cat */ = {
			isa = PBXGroup;
			children = (
				D7E03E6128D9D48C0072C7EA /* Main */,
				D7FBFB5028D72F0900DEDF11 /* Assets.xcassets */,
				D7FBFB5228D72F0900DEDF11 /* LaunchScreen.storyboard */,
				D7FBFB5528D72F0900DEDF11 /* Info.plist */,
				D7471F6D28DADCB1007A6460 /* Model */,
				D7FBFB6328D77C5100DEDF11 /* View */,
				D7FBFB5E28D737A200DEDF11 /* ViewController */,
				D72F090228DADB0D001BC174 /* Service */,
				D7E03E6028D9D4650072C7EA /* Extension */,
				D76D8F8628DB41FF00A0E98D /* Module */,
			);
			path = "Game Cat";
			sourceTree = "<group>";
		};
		D7FBFB5E28D737A200DEDF11 /* ViewController */ = {
			isa = PBXGroup;
			children = (
				D7FBFB6128D74E6000DEDF11 /* HomeViewController.swift */,
				D76BE3B128DC57D400F44C3D /* GameDetailViewController.swift */,
			);
			path = ViewController;
			sourceTree = "<group>";
		};
		D7FBFB6328D77C5100DEDF11 /* View */ = {
			isa = PBXGroup;
			children = (
				D7FBFB6428D77C6C00DEDF11 /* GameTableViewCell.swift */,
				D7E7621228DD9694009217DC /* GameDetailRatingView.swift */,
				D7BBEB0528F2AA8C0018108A /* GameDetailInformationView.swift */,
				D7BBEB0728F2B3010018108A /* GameDetailHeaderView.swift */,
				D7B41AC429013E210074FE3F /* GameDetailDescriptionView.swift */,
				D7B41AC029012C520074FE3F /* GameDetailTagView.swift */,
				D7B41AC229012C5D0074FE3F /* GameDetailStoreView.swift */,
			);
			path = View;
			sourceTree = "<group>";
		};
		F6564D209378DA39F16D7566 /* Pods */ = {
			isa = PBXGroup;
			children = (
				285D4B0FD4CBC0831BA7EEB9 /* Pods-Game Cat.debug.xcconfig */,
				B8439BBFC83D0843B15A0AD3 /* Pods-Game Cat.release.xcconfig */,
				218B828EC36D1520F511AD41 /* Pods-Game CatTests.debug.xcconfig */,
				D1E927BE26FAE2B33985A3E2 /* Pods-Game CatTests.release.xcconfig */,
			);
			path = Pods;
			sourceTree = "<group>";
		};
/* End PBXGroup section */

/* Begin PBXNativeTarget section */
		D76D8F8C28DB581700A0E98D /* Game CatTests */ = {
			isa = PBXNativeTarget;
			buildConfigurationList = D76D8F9328DB581700A0E98D /* Build configuration list for PBXNativeTarget "Game CatTests" */;
			buildPhases = (
				49A2A6E83F34CB9F21325F3E /* [CP] Check Pods Manifest.lock */,
				D76D8F8928DB581700A0E98D /* Sources */,
				D76D8F8A28DB581700A0E98D /* Frameworks */,
				D76D8F8B28DB581700A0E98D /* Resources */,
				3AE079127F4C587509857E13 /* [CP] Embed Pods Frameworks */,
			);
			buildRules = (
			);
			dependencies = (
				D76D8F9228DB581700A0E98D /* PBXTargetDependency */,
			);
			name = "Game CatTests";
			productName = "Game CatTests";
			productReference = D76D8F8D28DB581700A0E98D /* Game CatTests.xctest */;
			productType = "com.apple.product-type.bundle.unit-test";
		};
		D7FBFB4328D72F0800DEDF11 /* Game Cat */ = {
			isa = PBXNativeTarget;
			buildConfigurationList = D7FBFB5828D72F0900DEDF11 /* Build configuration list for PBXNativeTarget "Game Cat" */;
			buildPhases = (
				CDBD6E50073327CD9D4487A0 /* [CP] Check Pods Manifest.lock */,
				D7FBFB5B28D72F4500DEDF11 /* Run SwiftLint */,
				D7FBFB4028D72F0800DEDF11 /* Sources */,
				D7FBFB4128D72F0800DEDF11 /* Frameworks */,
				D7FBFB4228D72F0800DEDF11 /* Resources */,
				9A6DF069532EC379C9063C88 /* [CP] Embed Pods Frameworks */,
			);
			buildRules = (
			);
			dependencies = (
			);
			name = "Game Cat";
			productName = "Game Cat";
			productReference = D7FBFB4428D72F0800DEDF11 /* Game Cat.app */;
			productType = "com.apple.product-type.application";
		};
/* End PBXNativeTarget section */

/* Begin PBXProject section */
		D7FBFB3C28D72F0800DEDF11 /* Project object */ = {
			isa = PBXProject;
			attributes = {
				BuildIndependentTargetsInParallel = 1;
				LastSwiftUpdateCheck = 1400;
				LastUpgradeCheck = 1400;
				TargetAttributes = {
					D76D8F8C28DB581700A0E98D = {
						CreatedOnToolsVersion = 14.0;
						TestTargetID = D7FBFB4328D72F0800DEDF11;
					};
					D7FBFB4328D72F0800DEDF11 = {
						CreatedOnToolsVersion = 14.0;
					};
				};
			};
			buildConfigurationList = D7FBFB3F28D72F0800DEDF11 /* Build configuration list for PBXProject "Game Cat" */;
			compatibilityVersion = "Xcode 14.0";
			developmentRegion = en;
			hasScannedForEncodings = 0;
			knownRegions = (
				en,
				Base,
			);
			mainGroup = D7FBFB3B28D72F0800DEDF11;
			productRefGroup = D7FBFB4528D72F0800DEDF11 /* Products */;
			projectDirPath = "";
			projectRoot = "";
			targets = (
				D7FBFB4328D72F0800DEDF11 /* Game Cat */,
				D76D8F8C28DB581700A0E98D /* Game CatTests */,
			);
		};
/* End PBXProject section */

/* Begin PBXResourcesBuildPhase section */
		D76D8F8B28DB581700A0E98D /* Resources */ = {
			isa = PBXResourcesBuildPhase;
			buildActionMask = 2147483647;
			files = (
			);
			runOnlyForDeploymentPostprocessing = 0;
		};
		D7FBFB4228D72F0800DEDF11 /* Resources */ = {
			isa = PBXResourcesBuildPhase;
			buildActionMask = 2147483647;
			files = (
				D7FBFB5428D72F0900DEDF11 /* LaunchScreen.storyboard in Resources */,
				D7FBFB5128D72F0900DEDF11 /* Assets.xcassets in Resources */,
			);
			runOnlyForDeploymentPostprocessing = 0;
		};
/* End PBXResourcesBuildPhase section */

/* Begin PBXShellScriptBuildPhase section */
		3AE079127F4C587509857E13 /* [CP] Embed Pods Frameworks */ = {
			isa = PBXShellScriptBuildPhase;
			buildActionMask = 2147483647;
			files = (
			);
			inputFileListPaths = (
				"${PODS_ROOT}/Target Support Files/Pods-Game CatTests/Pods-Game CatTests-frameworks-${CONFIGURATION}-input-files.xcfilelist",
			);
			name = "[CP] Embed Pods Frameworks";
			outputFileListPaths = (
				"${PODS_ROOT}/Target Support Files/Pods-Game CatTests/Pods-Game CatTests-frameworks-${CONFIGURATION}-output-files.xcfilelist",
			);
			runOnlyForDeploymentPostprocessing = 0;
			shellPath = /bin/sh;
			shellScript = "\"${PODS_ROOT}/Target Support Files/Pods-Game CatTests/Pods-Game CatTests-frameworks.sh\"\n";
			showEnvVarsInLog = 0;
		};
		49A2A6E83F34CB9F21325F3E /* [CP] Check Pods Manifest.lock */ = {
			isa = PBXShellScriptBuildPhase;
			buildActionMask = 2147483647;
			files = (
			);
			inputFileListPaths = (
			);
			inputPaths = (
				"${PODS_PODFILE_DIR_PATH}/Podfile.lock",
				"${PODS_ROOT}/Manifest.lock",
			);
			name = "[CP] Check Pods Manifest.lock";
			outputFileListPaths = (
			);
			outputPaths = (
				"$(DERIVED_FILE_DIR)/Pods-Game CatTests-checkManifestLockResult.txt",
			);
			runOnlyForDeploymentPostprocessing = 0;
			shellPath = /bin/sh;
			shellScript = "diff \"${PODS_PODFILE_DIR_PATH}/Podfile.lock\" \"${PODS_ROOT}/Manifest.lock\" > /dev/null\nif [ $? != 0 ] ; then\n    # print error to STDERR\n    echo \"error: The sandbox is not in sync with the Podfile.lock. Run 'pod install' or update your CocoaPods installation.\" >&2\n    exit 1\nfi\n# This output is used by Xcode 'outputs' to avoid re-running this script phase.\necho \"SUCCESS\" > \"${SCRIPT_OUTPUT_FILE_0}\"\n";
			showEnvVarsInLog = 0;
		};
		9A6DF069532EC379C9063C88 /* [CP] Embed Pods Frameworks */ = {
			isa = PBXShellScriptBuildPhase;
			buildActionMask = 2147483647;
			files = (
			);
			inputFileListPaths = (
				"${PODS_ROOT}/Target Support Files/Pods-Game Cat/Pods-Game Cat-frameworks-${CONFIGURATION}-input-files.xcfilelist",
			);
			name = "[CP] Embed Pods Frameworks";
			outputFileListPaths = (
				"${PODS_ROOT}/Target Support Files/Pods-Game Cat/Pods-Game Cat-frameworks-${CONFIGURATION}-output-files.xcfilelist",
			);
			runOnlyForDeploymentPostprocessing = 0;
			shellPath = /bin/sh;
			shellScript = "\"${PODS_ROOT}/Target Support Files/Pods-Game Cat/Pods-Game Cat-frameworks.sh\"\n";
			showEnvVarsInLog = 0;
		};
		CDBD6E50073327CD9D4487A0 /* [CP] Check Pods Manifest.lock */ = {
			isa = PBXShellScriptBuildPhase;
			buildActionMask = 2147483647;
			files = (
			);
			inputFileListPaths = (
			);
			inputPaths = (
				"${PODS_PODFILE_DIR_PATH}/Podfile.lock",
				"${PODS_ROOT}/Manifest.lock",
			);
			name = "[CP] Check Pods Manifest.lock";
			outputFileListPaths = (
			);
			outputPaths = (
				"$(DERIVED_FILE_DIR)/Pods-Game Cat-checkManifestLockResult.txt",
			);
			runOnlyForDeploymentPostprocessing = 0;
			shellPath = /bin/sh;
			shellScript = "diff \"${PODS_PODFILE_DIR_PATH}/Podfile.lock\" \"${PODS_ROOT}/Manifest.lock\" > /dev/null\nif [ $? != 0 ] ; then\n    # print error to STDERR\n    echo \"error: The sandbox is not in sync with the Podfile.lock. Run 'pod install' or update your CocoaPods installation.\" >&2\n    exit 1\nfi\n# This output is used by Xcode 'outputs' to avoid re-running this script phase.\necho \"SUCCESS\" > \"${SCRIPT_OUTPUT_FILE_0}\"\n";
			showEnvVarsInLog = 0;
		};
		D7FBFB5B28D72F4500DEDF11 /* Run SwiftLint */ = {
			isa = PBXShellScriptBuildPhase;
			alwaysOutOfDate = 1;
			buildActionMask = 2147483647;
			files = (
			);
			inputFileListPaths = (
			);
			inputPaths = (
			);
			name = "Run SwiftLint";
			outputFileListPaths = (
			);
			outputPaths = (
			);
			runOnlyForDeploymentPostprocessing = 0;
			shellPath = /bin/sh;
			shellScript = "if which swiftlint > /dev/null; then\n  swiftlint\nelse\n  echo \"warning: SwiftLint not installed, download from https://github.com/realm/SwiftLint\"\nfi\n";
		};
/* End PBXShellScriptBuildPhase section */

/* Begin PBXSourcesBuildPhase section */
		D76D8F8928DB581700A0E98D /* Sources */ = {
			isa = PBXSourcesBuildPhase;
			buildActionMask = 2147483647;
			files = (
				D76D8F9028DB581700A0E98D /* Game_CatTests.swift in Sources */,
			);
			runOnlyForDeploymentPostprocessing = 0;
		};
		D7FBFB4028D72F0800DEDF11 /* Sources */ = {
			isa = PBXSourcesBuildPhase;
			buildActionMask = 2147483647;
			files = (
				D7FBFB6228D74E6000DEDF11 /* HomeViewController.swift in Sources */,
				D7471F6A28DADC55007A6460 /* ServiceErrorStatus.swift in Sources */,
				D7B41AC329012C5D0074FE3F /* GameDetailStoreView.swift in Sources */,
				D7B41AC129012C520074FE3F /* GameDetailTagView.swift in Sources */,
				D7E7621528DD96F6009217DC /* UILabel.swift in Sources */,
				D7BBEB0828F2B3010018108A /* GameDetailHeaderView.swift in Sources */,
				D7B41AC529013E210074FE3F /* GameDetailDescriptionView.swift in Sources */,
				D7FBFB4828D72F0800DEDF11 /* AppDelegate.swift in Sources */,
				D7471F7128DAE5AF007A6460 /* ServicePayload.swift in Sources */,
				D7E7620F28DD45A5009217DC /* GameDetail.swift in Sources */,
				D72F090428DADB2A001BC174 /* Service.swift in Sources */,
				D7FBFB4A28D72F0800DEDF11 /* SceneDelegate.swift in Sources */,
				D7E7621328DD9694009217DC /* GameDetailRatingView.swift in Sources */,
				D76BE3B228DC57D400F44C3D /* GameDetailViewController.swift in Sources */,
				D76D8F8828DB421500A0E98D /* Cache.swift in Sources */,
				D7FBFB6528D77C6C00DEDF11 /* GameTableViewCell.swift in Sources */,
				D7DCEB7929040C84002A4302 /* UIStackView.swift in Sources */,
				D7E7621728DD97C4009217DC /* UIProgressView.swift in Sources */,
				D7E03E6428D9D4DF0072C7EA /* UIColor.swift in Sources */,
				D7471F6C28DADCAA007A6460 /* Game.swift in Sources */,
				D7BBEB0628F2AA8C0018108A /* GameDetailInformationView.swift in Sources */,
			);
			runOnlyForDeploymentPostprocessing = 0;
		};
/* End PBXSourcesBuildPhase section */

/* Begin PBXTargetDependency section */
		D76D8F9228DB581700A0E98D /* PBXTargetDependency */ = {
			isa = PBXTargetDependency;
			target = D7FBFB4328D72F0800DEDF11 /* Game Cat */;
			targetProxy = D76D8F9128DB581700A0E98D /* PBXContainerItemProxy */;
		};
/* End PBXTargetDependency section */

/* Begin PBXVariantGroup section */
		D7FBFB5228D72F0900DEDF11 /* LaunchScreen.storyboard */ = {
			isa = PBXVariantGroup;
			children = (
				D7FBFB5328D72F0900DEDF11 /* Base */,
			);
			name = LaunchScreen.storyboard;
			sourceTree = "<group>";
		};
/* End PBXVariantGroup section */

/* Begin XCBuildConfiguration section */
		D76D8F9428DB581700A0E98D /* Debug */ = {
			isa = XCBuildConfiguration;
			baseConfigurationReference = 218B828EC36D1520F511AD41 /* Pods-Game CatTests.debug.xcconfig */;
			buildSettings = {
				BUNDLE_LOADER = "$(TEST_HOST)";
				CODE_SIGN_STYLE = Automatic;
				CURRENT_PROJECT_VERSION = 1;
				DEAD_CODE_STRIPPING = YES;
				DEVELOPMENT_TEAM = SNDZ43L8ZN;
				GENERATE_INFOPLIST_FILE = YES;
				IPHONEOS_DEPLOYMENT_TARGET = 16.0;
				MACOSX_DEPLOYMENT_TARGET = 12.3;
				MARKETING_VERSION = 1.0;
				PRODUCT_BUNDLE_IDENTIFIER = "com.vynncode.game-cat.Game-CatTests";
				PRODUCT_NAME = "$(TARGET_NAME)";
				SDKROOT = auto;
				SUPPORTED_PLATFORMS = "iphoneos iphonesimulator macosx";
				SWIFT_EMIT_LOC_STRINGS = NO;
				SWIFT_VERSION = 5.0;
				TARGETED_DEVICE_FAMILY = "1,2";
				TEST_HOST = "$(BUILT_PRODUCTS_DIR)/Game Cat.app/$(BUNDLE_EXECUTABLE_FOLDER_PATH)/Game Cat";
			};
			name = Debug;
		};
		D76D8F9528DB581700A0E98D /* Release */ = {
			isa = XCBuildConfiguration;
			baseConfigurationReference = D1E927BE26FAE2B33985A3E2 /* Pods-Game CatTests.release.xcconfig */;
			buildSettings = {
				BUNDLE_LOADER = "$(TEST_HOST)";
				CODE_SIGN_STYLE = Automatic;
				CURRENT_PROJECT_VERSION = 1;
				DEAD_CODE_STRIPPING = YES;
				DEVELOPMENT_TEAM = SNDZ43L8ZN;
				GENERATE_INFOPLIST_FILE = YES;
				IPHONEOS_DEPLOYMENT_TARGET = 16.0;
				MACOSX_DEPLOYMENT_TARGET = 12.3;
				MARKETING_VERSION = 1.0;
				PRODUCT_BUNDLE_IDENTIFIER = "com.vynncode.game-cat.Game-CatTests";
				PRODUCT_NAME = "$(TARGET_NAME)";
				SDKROOT = auto;
				SUPPORTED_PLATFORMS = "iphoneos iphonesimulator macosx";
				SWIFT_EMIT_LOC_STRINGS = NO;
				SWIFT_VERSION = 5.0;
				TARGETED_DEVICE_FAMILY = "1,2";
				TEST_HOST = "$(BUILT_PRODUCTS_DIR)/Game Cat.app/$(BUNDLE_EXECUTABLE_FOLDER_PATH)/Game Cat";
			};
			name = Release;
		};
		D7FBFB5628D72F0900DEDF11 /* Debug */ = {
			isa = XCBuildConfiguration;
			buildSettings = {
				ALWAYS_SEARCH_USER_PATHS = NO;
				CLANG_ANALYZER_NONNULL = YES;
				CLANG_ANALYZER_NUMBER_OBJECT_CONVERSION = YES_AGGRESSIVE;
				CLANG_CXX_LANGUAGE_STANDARD = "gnu++20";
				CLANG_ENABLE_MODULES = YES;
				CLANG_ENABLE_OBJC_ARC = YES;
				CLANG_ENABLE_OBJC_WEAK = YES;
				CLANG_WARN_BLOCK_CAPTURE_AUTORELEASING = YES;
				CLANG_WARN_BOOL_CONVERSION = YES;
				CLANG_WARN_COMMA = YES;
				CLANG_WARN_CONSTANT_CONVERSION = YES;
				CLANG_WARN_DEPRECATED_OBJC_IMPLEMENTATIONS = YES;
				CLANG_WARN_DIRECT_OBJC_ISA_USAGE = YES_ERROR;
				CLANG_WARN_DOCUMENTATION_COMMENTS = YES;
				CLANG_WARN_EMPTY_BODY = YES;
				CLANG_WARN_ENUM_CONVERSION = YES;
				CLANG_WARN_INFINITE_RECURSION = YES;
				CLANG_WARN_INT_CONVERSION = YES;
				CLANG_WARN_NON_LITERAL_NULL_CONVERSION = YES;
				CLANG_WARN_OBJC_IMPLICIT_RETAIN_SELF = YES;
				CLANG_WARN_OBJC_LITERAL_CONVERSION = YES;
				CLANG_WARN_OBJC_ROOT_CLASS = YES_ERROR;
				CLANG_WARN_QUOTED_INCLUDE_IN_FRAMEWORK_HEADER = YES;
				CLANG_WARN_RANGE_LOOP_ANALYSIS = YES;
				CLANG_WARN_STRICT_PROTOTYPES = YES;
				CLANG_WARN_SUSPICIOUS_MOVE = YES;
				CLANG_WARN_UNGUARDED_AVAILABILITY = YES_AGGRESSIVE;
				CLANG_WARN_UNREACHABLE_CODE = YES;
				CLANG_WARN__DUPLICATE_METHOD_MATCH = YES;
				COPY_PHASE_STRIP = NO;
				DEBUG_INFORMATION_FORMAT = dwarf;
				ENABLE_STRICT_OBJC_MSGSEND = YES;
				ENABLE_TESTABILITY = YES;
				GCC_C_LANGUAGE_STANDARD = gnu11;
				GCC_DYNAMIC_NO_PIC = NO;
				GCC_NO_COMMON_BLOCKS = YES;
				GCC_OPTIMIZATION_LEVEL = 0;
				GCC_PREPROCESSOR_DEFINITIONS = (
					"DEBUG=1",
					"$(inherited)",
				);
				GCC_WARN_64_TO_32_BIT_CONVERSION = YES;
				GCC_WARN_ABOUT_RETURN_TYPE = YES_ERROR;
				GCC_WARN_UNDECLARED_SELECTOR = YES;
				GCC_WARN_UNINITIALIZED_AUTOS = YES_AGGRESSIVE;
				GCC_WARN_UNUSED_FUNCTION = YES;
				GCC_WARN_UNUSED_VARIABLE = YES;
				IPHONEOS_DEPLOYMENT_TARGET = 16.0;
				MTL_ENABLE_DEBUG_INFO = INCLUDE_SOURCE;
				MTL_FAST_MATH = YES;
				ONLY_ACTIVE_ARCH = YES;
				SDKROOT = iphoneos;
				SWIFT_ACTIVE_COMPILATION_CONDITIONS = DEBUG;
				SWIFT_OPTIMIZATION_LEVEL = "-Onone";
			};
			name = Debug;
		};
		D7FBFB5728D72F0900DEDF11 /* Release */ = {
			isa = XCBuildConfiguration;
			buildSettings = {
				ALWAYS_SEARCH_USER_PATHS = NO;
				CLANG_ANALYZER_NONNULL = YES;
				CLANG_ANALYZER_NUMBER_OBJECT_CONVERSION = YES_AGGRESSIVE;
				CLANG_CXX_LANGUAGE_STANDARD = "gnu++20";
				CLANG_ENABLE_MODULES = YES;
				CLANG_ENABLE_OBJC_ARC = YES;
				CLANG_ENABLE_OBJC_WEAK = YES;
				CLANG_WARN_BLOCK_CAPTURE_AUTORELEASING = YES;
				CLANG_WARN_BOOL_CONVERSION = YES;
				CLANG_WARN_COMMA = YES;
				CLANG_WARN_CONSTANT_CONVERSION = YES;
				CLANG_WARN_DEPRECATED_OBJC_IMPLEMENTATIONS = YES;
				CLANG_WARN_DIRECT_OBJC_ISA_USAGE = YES_ERROR;
				CLANG_WARN_DOCUMENTATION_COMMENTS = YES;
				CLANG_WARN_EMPTY_BODY = YES;
				CLANG_WARN_ENUM_CONVERSION = YES;
				CLANG_WARN_INFINITE_RECURSION = YES;
				CLANG_WARN_INT_CONVERSION = YES;
				CLANG_WARN_NON_LITERAL_NULL_CONVERSION = YES;
				CLANG_WARN_OBJC_IMPLICIT_RETAIN_SELF = YES;
				CLANG_WARN_OBJC_LITERAL_CONVERSION = YES;
				CLANG_WARN_OBJC_ROOT_CLASS = YES_ERROR;
				CLANG_WARN_QUOTED_INCLUDE_IN_FRAMEWORK_HEADER = YES;
				CLANG_WARN_RANGE_LOOP_ANALYSIS = YES;
				CLANG_WARN_STRICT_PROTOTYPES = YES;
				CLANG_WARN_SUSPICIOUS_MOVE = YES;
				CLANG_WARN_UNGUARDED_AVAILABILITY = YES_AGGRESSIVE;
				CLANG_WARN_UNREACHABLE_CODE = YES;
				CLANG_WARN__DUPLICATE_METHOD_MATCH = YES;
				COPY_PHASE_STRIP = NO;
				DEBUG_INFORMATION_FORMAT = "dwarf-with-dsym";
				ENABLE_NS_ASSERTIONS = NO;
				ENABLE_STRICT_OBJC_MSGSEND = YES;
				GCC_C_LANGUAGE_STANDARD = gnu11;
				GCC_NO_COMMON_BLOCKS = YES;
				GCC_WARN_64_TO_32_BIT_CONVERSION = YES;
				GCC_WARN_ABOUT_RETURN_TYPE = YES_ERROR;
				GCC_WARN_UNDECLARED_SELECTOR = YES;
				GCC_WARN_UNINITIALIZED_AUTOS = YES_AGGRESSIVE;
				GCC_WARN_UNUSED_FUNCTION = YES;
				GCC_WARN_UNUSED_VARIABLE = YES;
				IPHONEOS_DEPLOYMENT_TARGET = 16.0;
				MTL_ENABLE_DEBUG_INFO = NO;
				MTL_FAST_MATH = YES;
				SDKROOT = iphoneos;
				SWIFT_COMPILATION_MODE = wholemodule;
				SWIFT_OPTIMIZATION_LEVEL = "-O";
				VALIDATE_PRODUCT = YES;
			};
			name = Release;
		};
		D7FBFB5928D72F0900DEDF11 /* Debug */ = {
			isa = XCBuildConfiguration;
			baseConfigurationReference = 285D4B0FD4CBC0831BA7EEB9 /* Pods-Game Cat.debug.xcconfig */;
			buildSettings = {
				ASSETCATALOG_COMPILER_APPICON_NAME = AppIcon;
				ASSETCATALOG_COMPILER_GLOBAL_ACCENT_COLOR_NAME = AccentColor;
				CODE_SIGN_STYLE = Automatic;
				CURRENT_PROJECT_VERSION = 1;
				DEVELOPMENT_TEAM = SNDZ43L8ZN;
				GENERATE_INFOPLIST_FILE = YES;
				INFOPLIST_FILE = "Game Cat/Info.plist";
				INFOPLIST_KEY_CFBundleDisplayName = Gamcat;
				INFOPLIST_KEY_UIApplicationSupportsIndirectInputEvents = YES;
				INFOPLIST_KEY_UILaunchStoryboardName = LaunchScreen;
				INFOPLIST_KEY_UISupportedInterfaceOrientations_iPad = "UIInterfaceOrientationPortrait UIInterfaceOrientationPortraitUpsideDown UIInterfaceOrientationLandscapeLeft UIInterfaceOrientationLandscapeRight";
				INFOPLIST_KEY_UISupportedInterfaceOrientations_iPhone = "UIInterfaceOrientationPortrait UIInterfaceOrientationLandscapeLeft UIInterfaceOrientationLandscapeRight";
				LD_RUNPATH_SEARCH_PATHS = (
					"$(inherited)",
					"@executable_path/Frameworks",
				);
				MARKETING_VERSION = 1.0;
				PRODUCT_BUNDLE_IDENTIFIER = "com.vynncode.game-cat.Game-Cat";
				PRODUCT_NAME = "$(TARGET_NAME)";
				SWIFT_EMIT_LOC_STRINGS = YES;
				SWIFT_VERSION = 5.0;
				TARGETED_DEVICE_FAMILY = "1,2";
			};
			name = Debug;
		};
		D7FBFB5A28D72F0900DEDF11 /* Release */ = {
			isa = XCBuildConfiguration;
			baseConfigurationReference = B8439BBFC83D0843B15A0AD3 /* Pods-Game Cat.release.xcconfig */;
			buildSettings = {
				ASSETCATALOG_COMPILER_APPICON_NAME = AppIcon;
				ASSETCATALOG_COMPILER_GLOBAL_ACCENT_COLOR_NAME = AccentColor;
				CODE_SIGN_STYLE = Automatic;
				CURRENT_PROJECT_VERSION = 1;
				DEVELOPMENT_TEAM = SNDZ43L8ZN;
				GENERATE_INFOPLIST_FILE = YES;
				INFOPLIST_FILE = "Game Cat/Info.plist";
				INFOPLIST_KEY_CFBundleDisplayName = Gamcat;
				INFOPLIST_KEY_UIApplicationSupportsIndirectInputEvents = YES;
				INFOPLIST_KEY_UILaunchStoryboardName = LaunchScreen;
				INFOPLIST_KEY_UISupportedInterfaceOrientations_iPad = "UIInterfaceOrientationPortrait UIInterfaceOrientationPortraitUpsideDown UIInterfaceOrientationLandscapeLeft UIInterfaceOrientationLandscapeRight";
				INFOPLIST_KEY_UISupportedInterfaceOrientations_iPhone = "UIInterfaceOrientationPortrait UIInterfaceOrientationLandscapeLeft UIInterfaceOrientationLandscapeRight";
				LD_RUNPATH_SEARCH_PATHS = (
					"$(inherited)",
					"@executable_path/Frameworks",
				);
				MARKETING_VERSION = 1.0;
				PRODUCT_BUNDLE_IDENTIFIER = "com.vynncode.game-cat.Game-Cat";
				PRODUCT_NAME = "$(TARGET_NAME)";
				SWIFT_EMIT_LOC_STRINGS = YES;
				SWIFT_VERSION = 5.0;
				TARGETED_DEVICE_FAMILY = "1,2";
			};
			name = Release;
		};
/* End XCBuildConfiguration section */

/* Begin XCConfigurationList section */
		D76D8F9328DB581700A0E98D /* Build configuration list for PBXNativeTarget "Game CatTests" */ = {
			isa = XCConfigurationList;
			buildConfigurations = (
				D76D8F9428DB581700A0E98D /* Debug */,
				D76D8F9528DB581700A0E98D /* Release */,
			);
			defaultConfigurationIsVisible = 0;
			defaultConfigurationName = Release;
		};
		D7FBFB3F28D72F0800DEDF11 /* Build configuration list for PBXProject "Game Cat" */ = {
			isa = XCConfigurationList;
			buildConfigurations = (
				D7FBFB5628D72F0900DEDF11 /* Debug */,
				D7FBFB5728D72F0900DEDF11 /* Release */,
			);
			defaultConfigurationIsVisible = 0;
			defaultConfigurationName = Release;
		};
		D7FBFB5828D72F0900DEDF11 /* Build configuration list for PBXNativeTarget "Game Cat" */ = {
			isa = XCConfigurationList;
			buildConfigurations = (
				D7FBFB5928D72F0900DEDF11 /* Debug */,
				D7FBFB5A28D72F0900DEDF11 /* Release */,
			);
			defaultConfigurationIsVisible = 0;
			defaultConfigurationName = Release;
		};
/* End XCConfigurationList section */
	};
	rootObject = D7FBFB3C28D72F0800DEDF11 /* Project object */;
}
